lockfileVersion: 5.3

specifiers:
  prettier: ^2.6.2
  prettier-config-usagisah: ^1.0.1
  rxjs: ^7.5.5
  vue: ^3.2.34

dependencies:
  rxjs: 7.5.5
  vue: 3.2.34

devDependencies:
  prettier: 2.6.2
  prettier-config-usagisah: 1.0.1

packages:

  /@babel/parser/7.17.12:
    resolution: {integrity: sha512-FLzHmN9V3AJIrWfOpvRlZCeVg/WLdicSnTMsLur6uDj9TT8ymUlG9XxURdW/XvuygK+2CW0poOJABdA4m/YKxA==}
    engines: {node: '>=6.0.0'}
    hasBin: true
    dev: false

  /@nodelib/fs.scandir/2.1.5:
    resolution: {integrity: sha512-vq24Bq3ym5HEQm2NKCr3yXDwjc7vTsEThRDnkp2DK9p1uqLR+DHurm/NOTo0KG7HYHU7eppKZj3MyqYuMBf62g==}
    engines: {node: '>= 8'}
    dependencies:
      '@nodelib/fs.stat': 2.0.5
      run-parallel: 1.2.0
    dev: true

  /@nodelib/fs.stat/2.0.5:
    resolution: {integrity: sha512-RkhPPp2zrqDAQA/2jNhnztcPAlv64XdhIp7a7454A5ovI7Bukxgt7MX7udwAu3zg1DcpPU0rz3VV1SeaqvY4+A==}
    engines: {node: '>= 8'}
    dev: true

  /@nodelib/fs.walk/1.2.8:
    resolution: {integrity: sha512-oGB+UxlgWcgQkgwo8GcEGwemoTFt3FIO9ababBmaGwXIoBKZ+GTy0pP185beGg7Llih/NSHSV2XAs1lnznocSg==}
    engines: {node: '>= 8'}
    dependencies:
      '@nodelib/fs.scandir': 2.1.5
      fastq: 1.13.0
    dev: true

  /@types/glob/7.2.0:
    resolution: {integrity: sha512-ZUxbzKl0IfJILTS6t7ip5fQQM/J3TJYubDm3nMbgubNNYS62eXeUpoLUC8/7fJNiFYHTrGPQn7hspDUzIHX3UA==}
    dependencies:
      '@types/minimatch': 3.0.5
      '@types/node': 17.0.35
    dev: true

  /@types/minimatch/3.0.5:
    resolution: {integrity: sha512-Klz949h02Gz2uZCMGwDUSDS1YBlTdDDgbWHi+81l29tQALUtvz4rAYi5uoVhE5Lagoq6DeqAUlbrHvW/mXDgdQ==}
    dev: true

  /@types/node/17.0.35:
    resolution: {integrity: sha512-vu1SrqBjbbZ3J6vwY17jBs8Sr/BKA+/a/WtjRG+whKg1iuLFOosq872EXS0eXWILdO36DHQQeku/ZcL6hz2fpg==}
    dev: true

  /@vue/compiler-core/3.2.34:
    resolution: {integrity: sha512-Y53lv04ZhDfqflhk4yEgBZrCL1RipbxqmqJFfl1PRkjOzt0bvJpf1sCNN81QNfXohVwFGf+Hng2ztwLwOZgbuA==}
    dependencies:
      '@babel/parser': 7.17.12
      '@vue/shared': 3.2.34
      estree-walker: 2.0.2
      source-map: 0.6.1
    dev: false

  /@vue/compiler-dom/3.2.34:
    resolution: {integrity: sha512-MFLUYDgy0aES9x1goU/pgxpzgT9IZOndO8qwQVSyVfUvl/CywEBtfBi5+8fsiBDhoGIT7g8qcsUUF1NYViU2vQ==}
    dependencies:
      '@vue/compiler-core': 3.2.34
      '@vue/shared': 3.2.34
    dev: false

  /@vue/compiler-sfc/3.2.34:
    resolution: {integrity: sha512-I+vT4soKJtdsoREBDYAcz56+yGpZ5T3GUigvBFgC2yTeTtBtREOPzYw8kZyMuD2ZlryPYBkbV8D9xxcvU0j/aw==}
    dependencies:
      '@babel/parser': 7.17.12
      '@vue/compiler-core': 3.2.34
      '@vue/compiler-dom': 3.2.34
      '@vue/compiler-ssr': 3.2.34
      '@vue/reactivity-transform': 3.2.34
      '@vue/shared': 3.2.34
      estree-walker: 2.0.2
      magic-string: 0.25.9
      postcss: 8.4.14
      source-map: 0.6.1
    dev: false

  /@vue/compiler-ssr/3.2.34:
    resolution: {integrity: sha512-zyaMdGJhxoA34ibWsXF7VH1PO5yrNB1MZg/ByRfXGM8JefGQaz+PpHvBy/5OI0ehEyhAyCb7279JdhYHacMZbw==}
    dependencies:
      '@vue/compiler-dom': 3.2.34
      '@vue/shared': 3.2.34
    dev: false

  /@vue/reactivity-transform/3.2.34:
    resolution: {integrity: sha512-OtsrL4/i6Md279pMhZ8wRijeDhPSdnXrH9wmqAcKDhVcp1L2kSWlgVVLa1jGIyyFYE806YiJNJiGBvXPGXMzxw==}
    dependencies:
      '@babel/parser': 7.17.12
      '@vue/compiler-core': 3.2.34
      '@vue/shared': 3.2.34
      estree-walker: 2.0.2
      magic-string: 0.25.9
    dev: false

  /@vue/reactivity/3.2.34:
    resolution: {integrity: sha512-xbRIOPqxdNOr0zS47moRS6zf4BKd0z+55R85UJlo4r5ezqCktk6fYy1atY4tGzo7Maqh6QoKw3LtIKvpz8d7WA==}
    dependencies:
      '@vue/shared': 3.2.34
    dev: false

  /@vue/runtime-core/3.2.34:
    resolution: {integrity: sha512-GtaHqYiuEb56OA0cbMh20UPpDiXGRX+NS1buKif4OL341JJ3NtmNOIchCzknaN76oN6KqrLiO82/+TEZXl2Xtw==}
    dependencies:
      '@vue/reactivity': 3.2.34
      '@vue/shared': 3.2.34
    dev: false

  /@vue/runtime-dom/3.2.34:
    resolution: {integrity: sha512-uqizbaJqmNH3O4TRr+8cM1tid5ODWHyQYZ3CLWcjn3dLkf0N7wvNuhUELQUZU/wQLvVMhJUQNrmOqckHLm6Xpw==}
    dependencies:
      '@vue/runtime-core': 3.2.34
      '@vue/shared': 3.2.34
      csstype: 2.6.20
    dev: false

  /@vue/server-renderer/3.2.34_vue@3.2.34:
    resolution: {integrity: sha512-PMnBAq1BexPFXBxuLngp4lQvc0XQD1CBDIHtEsG0pRusGWVJddBUKlR/EnnSvGaJ34YmKkAl9kdvczOz0kddew==}
    peerDependencies:
      vue: 3.2.34
    dependencies:
      '@vue/compiler-ssr': 3.2.34
      '@vue/shared': 3.2.34
      vue: 3.2.34
    dev: false

  /@vue/shared/3.2.34:
    resolution: {integrity: sha512-zhEeB8TrFmTXmTXmu/wcjEhgrjO4xqdDQrCdPhjX7NxfoLqoBVKguOm8qyihWNLbP+41svYY4za9mqXyqFLzNg==}
    dev: false

  /array-union/2.1.0:
    resolution: {integrity: sha512-HGyxoOTYUyCM6stUe6EJgnd4EoewAI7zMdfqO+kGjnlZmBDz/cR5pf8r/cR4Wq60sL/p0IkcjUEEPwS3GFrIyw==}
    engines: {node: '>=8'}
    dev: true

  /balanced-match/1.0.2:
    resolution: {integrity: sha512-3oSeUO0TMV67hN1AmbXsK4yaqU7tjiHlbxRDZOpH0KW9+CeX4bRAaX0Anxt0tx2MrpRpWwQaPwIlISEJhYU5Pw==}
    dev: true

  /brace-expansion/1.1.11:
    resolution: {integrity: sha512-iCuPHDFgrHX7H2vEI/5xpz07zSHB00TpugqhmYtVmMO6518mCuRMoOYFldEBl0g187ufozdaHgWKcYFb61qGiA==}
    dependencies:
      balanced-match: 1.0.2
      concat-map: 0.0.1
    dev: true

  /braces/3.0.2:
    resolution: {integrity: sha512-b8um+L1RzM3WDSzvhm6gIz1yfTbBt6YTlcEKAvsmqCZZFw46z626lVj9j1yEPW33H5H+lBQpZMP1k8l+78Ha0A==}
    engines: {node: '>=8'}
    dependencies:
      fill-range: 7.0.1
    dev: true

  /concat-map/0.0.1:
    resolution: {integrity: sha1-2Klr13/Wjfd5OnMDajug1UBdR3s=}
    dev: true

  /csstype/2.6.20:
    resolution: {integrity: sha512-/WwNkdXfckNgw6S5R125rrW8ez139lBHWouiBvX8dfMFtcn6V81REDqnH7+CRpRipfYlyU1CmOnOxrmGcFOjeA==}
    dev: false

  /detect-indent/6.1.0:
    resolution: {integrity: sha512-reYkTUJAZb9gUuZ2RvVCNhVHdg62RHnJ7WJl8ftMi4diZ6NWlciOzQN88pUhSELEwflJht4oQDv0F0BMlwaYtA==}
    engines: {node: '>=8'}
    dev: true

  /detect-newline/3.1.0:
    resolution: {integrity: sha512-TLz+x/vEXm/Y7P7wn1EJFNLxYpUD4TgMosxY6fAVJUnJMbupHBOncxyWUG9OpTaH9EBD7uFI5LfEgmMOc54DsA==}
    engines: {node: '>=8'}
    dev: true

  /dir-glob/3.0.1:
    resolution: {integrity: sha512-WkrWp9GR4KXfKGYzOLmTuGVi1UWFfws377n9cc55/tb6DuqyF6pcQ5AbiHEshaDpY9v6oaSr2XCDidGmMwdzIA==}
    engines: {node: '>=8'}
    dependencies:
      path-type: 4.0.0
    dev: true

  /estree-walker/2.0.2:
    resolution: {integrity: sha512-Rfkk/Mp/DL7JVje3u18FxFujQlTNR2q6QfMSMB7AvCBx91NGj/ba3kCfza0f6dVDbw7YlRf/nDrn7pQrCCyQ/w==}
    dev: false

  /fast-glob/3.2.11:
    resolution: {integrity: sha512-xrO3+1bxSo3ZVHAnqzyuewYT6aMFHRAd4Kcs92MAonjwQZLsK9d0SF1IyQ3k5PoirxTW0Oe/RqFgMQ6TcNE5Ew==}
    engines: {node: '>=8.6.0'}
    dependencies:
      '@nodelib/fs.stat': 2.0.5
      '@nodelib/fs.walk': 1.2.8
      glob-parent: 5.1.2
      merge2: 1.4.1
      micromatch: 4.0.5
    dev: true

  /fastq/1.13.0:
    resolution: {integrity: sha512-YpkpUnK8od0o1hmeSc7UUs/eB/vIPWJYjKck2QKIzAf71Vm1AAQ3EbuZB3g2JIy+pg+ERD0vqI79KyZiB2e2Nw==}
    dependencies:
      reusify: 1.0.4
    dev: true

  /fill-range/7.0.1:
    resolution: {integrity: sha512-qOo9F+dMUmC2Lcb4BbVvnKJxTPjCm+RRpe4gDuGrzkL7mEVl/djYSu2OdQ2Pa302N4oqkSg9ir6jaLWJ2USVpQ==}
    engines: {node: '>=8'}
    dependencies:
      to-regex-range: 5.0.1
    dev: true

  /fs.realpath/1.0.0:
    resolution: {integrity: sha1-FQStJSMVjKpA20onh8sBQRmU6k8=}
    dev: true

  /git-hooks-list/1.0.3:
    resolution: {integrity: sha512-Y7wLWcrLUXwk2noSka166byGCvhMtDRpgHdzCno1UQv/n/Hegp++a2xBWJL1lJarnKD3SWaljD+0z1ztqxuKyQ==}
    dev: true

  /glob-parent/5.1.2:
    resolution: {integrity: sha512-AOIgSQCepiJYwP3ARnGx+5VnTu2HBYdzbGP45eLw1vr3zB3vZLeyed1sC9hnbcOc9/SrMyM5RPQrkGz4aS9Zow==}
    engines: {node: '>= 6'}
    dependencies:
      is-glob: 4.0.3
    dev: true

  /glob/7.2.3:
    resolution: {integrity: sha512-nFR0zLpU2YCaRxwoCJvL6UvCH2JFyFVIvwTLsIf21AuHlMskA1hhTdk+LlYJtOlYt9v6dvszD2BGRqBL+iQK9Q==}
    dependencies:
      fs.realpath: 1.0.0
      inflight: 1.0.6
      inherits: 2.0.4
      minimatch: 3.1.2
      once: 1.4.0
      path-is-absolute: 1.0.1
    dev: true

  /globby/10.0.0:
    resolution: {integrity: sha512-3LifW9M4joGZasyYPz2A1U74zbC/45fvpXUvO/9KbSa+VV0aGZarWkfdgKyR9sExNP0t0x0ss/UMJpNpcaTspw==}
    engines: {node: '>=8'}
    dependencies:
      '@types/glob': 7.2.0
      array-union: 2.1.0
      dir-glob: 3.0.1
      fast-glob: 3.2.11
      glob: 7.2.3
      ignore: 5.2.0
      merge2: 1.4.1
      slash: 3.0.0
    dev: true

  /ignore/5.2.0:
    resolution: {integrity: sha512-CmxgYGiEPCLhfLnpPp1MoRmifwEIOgjcHXxOBjv7mY96c+eWScsOP9c112ZyLdWHi0FxHjI+4uVhKYp/gcdRmQ==}
    engines: {node: '>= 4'}
    dev: true

  /inflight/1.0.6:
    resolution: {integrity: sha1-Sb1jMdfQLQwJvJEKEHW6gWW1bfk=}
    dependencies:
      once: 1.4.0
      wrappy: 1.0.2
    dev: true

  /inherits/2.0.4:
    resolution: {integrity: sha512-k/vGaX4/Yla3WzyMCvTQOXYeIHvqOKtnqBduzTHpzpQZzAskKMhZ2K+EnBiSM9zGSoIFeMpXKxa4dYeZIQqewQ==}
    dev: true

  /is-extglob/2.1.1:
    resolution: {integrity: sha1-qIwCU1eR8C7TfHahueqXc8gz+MI=}
    engines: {node: '>=0.10.0'}
    dev: true

  /is-glob/4.0.3:
    resolution: {integrity: sha512-xelSayHH36ZgE7ZWhli7pW34hNbNl8Ojv5KVmkJD4hBdD3th8Tfk9vYasLM+mXWOZhFkgZfxhLSnrwRr4elSSg==}
    engines: {node: '>=0.10.0'}
    dependencies:
      is-extglob: 2.1.1
    dev: true

  /is-number/7.0.0:
    resolution: {integrity: sha512-41Cifkg6e8TylSpdtTpeLVMqvSBEVzTttHvERD741+pnZ8ANv0004MRL43QKPDlK9cGvNp6NZWZUBlbGXYxxng==}
    engines: {node: '>=0.12.0'}
    dev: true

  /is-plain-obj/2.1.0:
    resolution: {integrity: sha512-YWnfyRwxL/+SsrWYfOpUtz5b3YD+nyfkHvjbcanzk8zgyO4ASD67uVMRt8k5bM4lLMDnXfriRhOpemw+NfT1eA==}
    engines: {node: '>=8'}
    dev: true

  /magic-string/0.25.9:
    resolution: {integrity: sha512-RmF0AsMzgt25qzqqLc1+MbHmhdx0ojF2Fvs4XnOqz2ZOBXzzkEwc/dJQZCYHAn7v1jbVOjAZfK8msRn4BxO4VQ==}
    dependencies:
      sourcemap-codec: 1.4.8
    dev: false

  /merge2/1.4.1:
    resolution: {integrity: sha512-8q7VEgMJW4J8tcfVPy8g09NcQwZdbwFEqhe/WZkoIzjn/3TGDwtOCYtXGxA3O8tPzpczCCDgv+P2P5y00ZJOOg==}
    engines: {node: '>= 8'}
    dev: true

  /micromatch/4.0.5:
    resolution: {integrity: sha512-DMy+ERcEW2q8Z2Po+WNXuw3c5YaUSFjAO5GsJqfEl7UjvtIuFKO6ZrKvcItdy98dwFI2N1tg3zNIdKaQT+aNdA==}
    engines: {node: '>=8.6'}
    dependencies:
      braces: 3.0.2
      picomatch: 2.3.1
    dev: true

  /minimatch/3.1.2:
    resolution: {integrity: sha512-J7p63hRiAjw1NDEww1W7i37+ByIrOWO5XQQAzZ3VOcL0PNybwpfmV/N05zFAzwQ9USyEcX6t3UO+K5aqBQOIHw==}
    dependencies:
      brace-expansion: 1.1.11
    dev: true

  /nanoid/3.3.4:
    resolution: {integrity: sha512-MqBkQh/OHTS2egovRtLk45wEyNXwF+cokD+1YPf9u5VfJiRdAiRwB2froX5Co9Rh20xs4siNPm8naNotSD6RBw==}
    engines: {node: ^10 || ^12 || ^13.7 || ^14 || >=15.0.1}
    hasBin: true
    dev: false

  /once/1.4.0:
    resolution: {integrity: sha1-WDsap3WWHUsROsF9nFC6753Xa9E=}
    dependencies:
      wrappy: 1.0.2
    dev: true

  /path-is-absolute/1.0.1:
    resolution: {integrity: sha1-F0uSaHNVNP+8es5r9TpanhtcX18=}
    engines: {node: '>=0.10.0'}
    dev: true

  /path-type/4.0.0:
    resolution: {integrity: sha512-gDKb8aZMDeD/tZWs9P6+q0J9Mwkdl6xMV8TjnGP3qJVJ06bdMgkbBlLU8IdfOsIsFz2BW1rNVT3XuNEl8zPAvw==}
    engines: {node: '>=8'}
    dev: true

  /picocolors/1.0.0:
    resolution: {integrity: sha512-1fygroTLlHu66zi26VoTDv8yRgm0Fccecssto+MhsZ0D/DGW2sm8E8AjW7NU5VVTRt5GxbeZ5qBuJr+HyLYkjQ==}
    dev: false

  /picomatch/2.3.1:
    resolution: {integrity: sha512-JU3teHTNjmE2VCGFzuY8EXzCDVwEqB2a8fsIvwaStHhAWJEeVd1o1QD80CU6+ZdEXXSLbSsuLwJjkCBWqRQUVA==}
    engines: {node: '>=8.6'}
    dev: true

  /postcss/8.4.14:
    resolution: {integrity: sha512-E398TUmfAYFPBSdzgeieK2Y1+1cpdxJx8yXbK/m57nRhKSmk1GB2tO4lbLBtlkfPQTDKfe4Xqv1ASWPpayPEig==}
    engines: {node: ^10 || ^12 || >=14}
    dependencies:
      nanoid: 3.3.4
      picocolors: 1.0.0
      source-map-js: 1.0.2
    dev: false

  /prettier-config-usagisah/1.0.1:
    resolution: {integrity: sha512-W1bV3AF9MFuzaS3UkG8UUXduYWCoGCqkrfm6ItkrCExYP0xIfRFxPqLeGzmQ7NYu1vqjP1TIqqbNU3emDfxqqg==}
    dependencies:
      prettier: 2.6.2
      prettier-plugin-packagejson: 2.2.18_prettier@2.6.2
    dev: true

  /prettier-plugin-packagejson/2.2.18_prettier@2.6.2:
    resolution: {integrity: sha512-iBjQ3IY6IayFrQHhXvg+YvKprPUUiIJ04Vr9+EbeQPfwGajznArIqrN33c5bi4JcIvmLHGROIMOm9aYakJj/CA==}
    peerDependencies:
      prettier: '>= 1.16.0'
    dependencies:
      prettier: 2.6.2
      sort-package-json: 1.57.0
    dev: true

  /prettier/2.6.2:
    resolution: {integrity: sha512-PkUpF+qoXTqhOeWL9fu7As8LXsIUZ1WYaJiY/a7McAQzxjk82OF0tibkFXVCDImZtWxbvojFjerkiLb0/q8mew==}
    engines: {node: '>=10.13.0'}
    hasBin: true
    dev: true

  /queue-microtask/1.2.3:
    resolution: {integrity: sha512-NuaNSa6flKT5JaSYQzJok04JzTL1CA6aGhv5rfLW3PgqA+M2ChpZQnAC8h8i4ZFkBS8X5RqkDBHA7r4hej3K9A==}
    dev: true

  /reusify/1.0.4:
    resolution: {integrity: sha512-U9nH88a3fc/ekCF1l0/UP1IosiuIjyTh7hBvXVMHYgVcfGvt897Xguj2UOLDeI5BG2m7/uwyaLVT6fbtCwTyzw==}
    engines: {iojs: '>=1.0.0', node: '>=0.10.0'}
    dev: true

  /run-parallel/1.2.0:
    resolution: {integrity: sha512-5l4VyZR86LZ/lDxZTR6jqL8AFE2S0IFLMP26AbjsLVADxHdhB/c0GUsH+y39UfCi3dzz8OlQuPmnaJOMoDHQBA==}
    dependencies:
      queue-microtask: 1.2.3
    dev: true

  /rxjs/7.5.5:
    resolution: {integrity: sha512-sy+H0pQofO95VDmFLzyaw9xNJU4KTRSwQIGM6+iG3SypAtCiLDzpeG8sJrNCWn2Up9km+KhkvTdbkrdy+yzZdw==}
    dependencies:
      tslib: 2.4.0
    dev: false

  /slash/3.0.0:
    resolution: {integrity: sha512-g9Q1haeby36OSStwb4ntCGGGaKsaVSjQ68fBxoQcutl5fS1vuY18H3wSt3jFyFtrkx+Kz0V1G85A4MyAdDMi2Q==}
    engines: {node: '>=8'}
    dev: true

  /sort-object-keys/1.1.3:
    resolution: {integrity: sha512-855pvK+VkU7PaKYPc+Jjnmt4EzejQHyhhF33q31qG8x7maDzkeFhAAThdCYay11CISO+qAMwjOBP+fPZe0IPyg==}
    dev: true

  /sort-package-json/1.57.0:
    resolution: {integrity: sha512-FYsjYn2dHTRb41wqnv+uEqCUvBpK3jZcTp9rbz2qDTmel7Pmdtf+i2rLaaPMRZeSVM60V3Se31GyWFpmKs4Q5Q==}
    hasBin: true
    dependencies:
      detect-indent: 6.1.0
      detect-newline: 3.1.0
      git-hooks-list: 1.0.3
      globby: 10.0.0
      is-plain-obj: 2.1.0
      sort-object-keys: 1.1.3
    dev: true

  /source-map-js/1.0.2:
    resolution: {integrity: sha512-R0XvVJ9WusLiqTCEiGCmICCMplcCkIwwR11mOSD9CR5u+IXYdiseeEuXCVAjS54zqwkLcPNnmU4OeJ6tUrWhDw==}
    engines: {node: '>=0.10.0'}
    dev: false

  /source-map/0.6.1:
    resolution: {integrity: sha512-UjgapumWlbMhkBgzT7Ykc5YXUT46F0iKu8SGXq0bcwP5dz/h0Plj6enJqjz1Zbq2l5WaqYnrVbwWOWMyF3F47g==}
    engines: {node: '>=0.10.0'}
    dev: false

  /sourcemap-codec/1.4.8:
    resolution: {integrity: sha512-9NykojV5Uih4lgo5So5dtw+f0JgJX30KCNI8gwhz2J9A15wD0Ml6tjHKwf6fTSa6fAdVBdZeNOs9eJ71qCk8vA==}
    dev: false

  /to-regex-range/5.0.1:
    resolution: {integrity: sha512-65P7iz6X5yEr1cwcgvQxbbIw7Uk3gOy5dIdtZ4rDveLqhrdJP+Li/Hx6tyK0NEb+2GCyneCMJiGqrADCSNk8sQ==}
    engines: {node: '>=8.0'}
    dependencies:
      is-number: 7.0.0
    dev: true

  /tslib/2.4.0:
    resolution: {integrity: sha512-d6xOpEDfsi2CZVlPQzGeux8XMwLT9hssAsaPYExaQMuYskwb+x1x7J371tWlbBdWHroy99KnVB6qIkUbs5X3UQ==}
    dev: false

  /vue/3.2.34:
    resolution: {integrity: sha512-gXRg5v8OSmGT4ZiQ/X/Pcz6Fr2igHQx/wvRH/pLnt0VvjfGGqrwhnwjYZilLP4HBcO211rMD9PpU6lfWfIv3wg==}
    dependencies:
      '@vue/compiler-dom': 3.2.34
      '@vue/compiler-sfc': 3.2.34
      '@vue/runtime-dom': 3.2.34
      '@vue/server-renderer': 3.2.34_vue@3.2.34
      '@vue/shared': 3.2.34
    dev: false

  /wrappy/1.0.2:
    resolution: {integrity: sha1-tSQ9jz7BqjXxNkYFvA0QNuMKtp8=}
    dev: true
